
Microsoft Visual Studio Solution File, Format Version 12.00
# Visual Studio Express 2013 for Web
VisualStudioVersion = 12.0.31101.0
MinimumVisualStudioVersion = 10.0.40219.1
Project("{FAE04EC0-301F-11D3-BF4B-00C04F79EFBC}") = "DataManager", "DataManager\DataManager.csproj", "{C0805FD5-A6FF-49E5-ACD9-EF20E9729AFA}"
EndProject
Project("{FAE04EC0-301F-11D3-BF4B-00C04F79EFBC}") = "GUIMVC", "GUIMVC\GUIMVC.csproj", "{40EC9781-FB21-4A16-BEA7-7785C32AD6F6}"
EndProject
Global
	GlobalSection(SolutionConfigurationPlatforms) = preSolution
		Debug|Any CPU = Debug|Any CPU
		Release|Any CPU = Release|Any CPU
	EndGlobalSection
	GlobalSection(ProjectConfigurationPlatforms) = postSolution
		{C0805FD5-A6FF-49E5-ACD9-EF20E9729AFA}.Debug|Any CPU.ActiveCfg = Debug|Any CPU
		{C0805FD5-A6FF-49E5-ACD9-EF20E9729AFA}.Debug|Any CPU.Build.0 = Debug|Any CPU
		{C0805FD5-A6FF-49E5-ACD9-EF20E9729AFA}.Release|Any CPU.ActiveCfg = Release|Any CPU
		{C0805FD5-A6FF-49E5-ACD9-EF20E9729AFA}.Release|Any CPU.Build.0 = Release|Any CPU
		{40EC9781-FB21-4A16-BEA7-7785C32AD6F6}.Debug|Any CPU.ActiveCfg = Debug|Any CPU
		{40EC9781-FB21-4A16-BEA7-7785C32AD6F6}.Debug|Any CPU.Build.0 = Debug|Any CPU
		{40EC9781-FB21-4A16-BEA7-7785C32AD6F6}.Release|Any CPU.ActiveCfg = Release|Any CPU
		{40EC9781-FB21-4A16-BEA7-7785C32AD6F6}.Release|Any CPU.Build.0 = Release|Any CPU
	EndGlobalSection
	GlobalSection(SolutionProperties) = preSolution
		HideSolutionNode = FALSE
	EndGlobalSection
EndGlobal
